<?xml version="1.0" encoding="utf-8"?>
<Project ToolsVersion="4.0" xmlns="http://schemas.microsoft.com/developer/msbuild/2003">
  <ItemGroup>
    <Filter Include="Source Files">
      <UniqueIdentifier>{4FC737F1-C7A5-4376-A066-2A32D752A2FF}</UniqueIdentifier>
      <Extensions>cpp;c;cc;cxx;def;odl;idl;hpj;bat;asm;asmx</Extensions>
    </Filter>
    <Filter Include="Header Files">
      <UniqueIdentifier>{93995380-89BD-4b04-88EB-625FBE52EBFB}</UniqueIdentifier>
      <Extensions>h;hpp;hxx;hm;inl;inc;xsd</Extensions>
    </Filter>
    <Filter Include="Resource Files">
      <UniqueIdentifier>{67DA6AB6-F800-4c08-8B7A-83BB121AAD01}</UniqueIdentifier>
      <Extensions>rc;ico;cur;bmp;dlg;rc2;rct;bin;rgs;gif;jpg;jpeg;jpe;resx;tiff;tif;png;wav;mfcribbon-ms</Extensions>
    </Filter>
    <Filter Include="Header Files\ExpressionComponent">
      <UniqueIdentifier>{e7c6eee5-d6be-47dc-bbeb-5ceb4d118e40}</UniqueIdentifier>
    </Filter>
    <Filter Include="Source Files\ExpressionComponent">
      <UniqueIdentifier>{3e7ad163-3f44-47a3-9fbe-d38016cc4b2d}</UniqueIdentifier>
    </Filter>
  </ItemGroup>
  <ItemGroup>
    <ClInclude Include="Constants.h">
      <Filter>Header Files</Filter>
    </ClInclude>
    <ClInclude Include="Exception.h">
      <Filter>Header Files</Filter>
    </ClInclude>
    <ClInclude Include="WorkingMemory.h">
      <Filter>Header Files</Filter>
    </ClInclude>
    <ClInclude Include="Operation.h">
      <Filter>Header Files</Filter>
    </ClInclude>
    <ClInclude Include="ExpressionComponent.h">
      <Filter>Header Files\ExpressionComponent</Filter>
    </ClInclude>
    <ClInclude Include="ExpressionOperator.h">
      <Filter>Header Files\ExpressionComponent</Filter>
    </ClInclude>
    <ClInclude Include="ExpressionValue.h">
      <Filter>Header Files\ExpressionComponent</Filter>
    </ClInclude>
  </ItemGroup>
  <ItemGroup>
    <ClCompile Include="main.cpp">
      <Filter>Source Files</Filter>
    </ClCompile>
    <ClCompile Include="WorkingMemory.cpp">
      <Filter>Source Files</Filter>
    </ClCompile>
    <ClCompile Include="Exception.cpp">
      <Filter>Source Files</Filter>
    </ClCompile>
    <ClCompile Include="ExpressionOperator.cpp">
      <Filter>Source Files\ExpressionComponent</Filter>
    </ClCompile>
    <ClCompile Include="ExpressionValue.cpp">
      <Filter>Source Files\ExpressionComponent</Filter>
    </ClCompile>
  </ItemGroup>
</Project>