<?xml version="1.0" encoding="utf-8"?>
<Project ToolsVersion="4.0" xmlns="http://schemas.microsoft.com/developer/msbuild/2003">
  <ItemGroup>
    <Filter Include="Source Files">
      <UniqueIdentifier>{4FC737F1-C7A5-4376-A066-2A32D752A2FF}</UniqueIdentifier>
      <Extensions>cpp;c;cc;cxx;def;odl;idl;hpj;bat;asm;asmx</Extensions>
    </Filter>
    <Filter Include="Header Files">
      <UniqueIdentifier>{93995380-89BD-4b04-88EB-625FBE52EBFB}</UniqueIdentifier>
      <Extensions>h;hpp;hxx;hm;inl;inc;xsd</Extensions>
    </Filter>
    <Filter Include="Resource Files">
      <UniqueIdentifier>{67DA6AB6-F800-4c08-8B7A-83BB121AAD01}</UniqueIdentifier>
      <Extensions>rc;ico;cur;bmp;dlg;rc2;rct;bin;rgs;gif;jpg;jpeg;jpe;resx;tiff;tif;png;wav;mfcribbon-ms</Extensions>
    </Filter>
    <Filter Include="Header Files\Expression">
      <UniqueIdentifier>{e7c6eee5-d6be-47dc-bbeb-5ceb4d118e40}</UniqueIdentifier>
    </Filter>
    <Filter Include="Source Files\Expression">
      <UniqueIdentifier>{3e7ad163-3f44-47a3-9fbe-d38016cc4b2d}</UniqueIdentifier>
    </Filter>
    <Filter Include="Header Files\CommonFunctionality">
      <UniqueIdentifier>{d2a62d1a-9a54-42a6-b5e4-37f03fb8b5a3}</UniqueIdentifier>
    </Filter>
    <Filter Include="Source Files\CommonFunctionality">
      <UniqueIdentifier>{327980dc-432b-4f16-b5ac-558a1039d329}</UniqueIdentifier>
    </Filter>
    <Filter Include="Header Files\Operation">
      <UniqueIdentifier>{edbc107a-c229-4261-98b1-eb0738ec36f4}</UniqueIdentifier>
    </Filter>
    <Filter Include="Source Files\Operation">
      <UniqueIdentifier>{30b2586c-7b23-47c0-8609-68f7b3e1aa3a}</UniqueIdentifier>
    </Filter>
    <Filter Include="Header Files\Operation\Operators">
      <UniqueIdentifier>{aaf278d2-172d-4303-9b3c-e80d8b6b23ed}</UniqueIdentifier>
    </Filter>
    <Filter Include="Header Files\Operation\Functions">
      <UniqueIdentifier>{d767f4ca-f443-4e08-9f3b-7bc21327e9b6}</UniqueIdentifier>
    </Filter>
    <Filter Include="Source Files\Operation\Operators">
      <UniqueIdentifier>{97d98748-0260-47a6-850f-2998e6e15a0b}</UniqueIdentifier>
    </Filter>
    <Filter Include="Source Files\Operation\Functions">
      <UniqueIdentifier>{4e92b26f-4b52-451c-8945-a451ea681b84}</UniqueIdentifier>
    </Filter>
    <Filter Include="Header Files\ExposedFunctionality">
      <UniqueIdentifier>{3d580ad2-9c9e-420a-9bdf-163ed611b0bc}</UniqueIdentifier>
    </Filter>
    <Filter Include="Source Files\ExposedFunctionality">
      <UniqueIdentifier>{c317c1a4-230e-4b63-8aa0-6204f1f4b418}</UniqueIdentifier>
    </Filter>
  </ItemGroup>
  <ItemGroup>
    <ClInclude Include="IPrintable.h">
      <Filter>Header Files\CommonFunctionality</Filter>
    </ClInclude>
    <ClInclude Include="Utilities.h">
      <Filter>Header Files</Filter>
    </ClInclude>
    <ClInclude Include="Subtract.h">
      <Filter>Header Files\Operation\Operators</Filter>
    </ClInclude>
    <ClInclude Include="Multiply.h">
      <Filter>Header Files\Operation\Operators</Filter>
    </ClInclude>
    <ClInclude Include="Divide.h">
      <Filter>Header Files\Operation\Operators</Filter>
    </ClInclude>
    <ClInclude Include="Add.h">
      <Filter>Header Files\Operation\Operators</Filter>
    </ClInclude>
    <ClInclude Include="Operation.h">
      <Filter>Header Files\Operation</Filter>
    </ClInclude>
    <ClInclude Include="Operations.h">
      <Filter>Header Files\Operation</Filter>
    </ClInclude>
    <ClInclude Include="Negate.h">
      <Filter>Header Files\Operation\Operators</Filter>
    </ClInclude>
    <ClInclude Include="Pow.h">
      <Filter>Header Files\Operation\Functions</Filter>
    </ClInclude>
    <ClInclude Include="Sin.h">
      <Filter>Header Files\Operation\Functions</Filter>
    </ClInclude>
    <ClInclude Include="Cos.h">
      <Filter>Header Files\Operation\Functions</Filter>
    </ClInclude>
    <ClInclude Include="Tan.h">
      <Filter>Header Files\Operation\Functions</Filter>
    </ClInclude>
    <ClInclude Include="Sqrt.h">
      <Filter>Header Files\Operation\Functions</Filter>
    </ClInclude>
    <ClInclude Include="Abs.h">
      <Filter>Header Files\Operation\Functions</Filter>
    </ClInclude>
    <ClInclude Include="Ln.h">
      <Filter>Header Files\Operation\Functions</Filter>
    </ClInclude>
    <ClInclude Include="Log.h">
      <Filter>Header Files\Operation\Functions</Filter>
    </ClInclude>
    <ClInclude Include="Log10.h">
      <Filter>Header Files\Operation\Functions</Filter>
    </ClInclude>
    <ClInclude Include="Log2.h">
      <Filter>Header Files\Operation\Functions</Filter>
    </ClInclude>
    <ClInclude Include="Parser.h">
      <Filter>Header Files</Filter>
    </ClInclude>
    <ClInclude Include="Evaluator.h">
      <Filter>Header Files</Filter>
    </ClInclude>
    <ClInclude Include="ExpressionComponent.h">
      <Filter>Header Files\Expression</Filter>
    </ClInclude>
    <ClInclude Include="Expression.h">
      <Filter>Header Files\Expression</Filter>
    </ClInclude>
    <ClInclude Include="MathRuntimeEvaluator.h">
      <Filter>Header Files\ExposedFunctionality</Filter>
    </ClInclude>
    <ClInclude Include="MathRuntimeEvaluatorException.h">
      <Filter>Header Files\ExposedFunctionality</Filter>
    </ClInclude>
    <ClInclude Include="WorkingMemory.h">
      <Filter>Header Files\ExposedFunctionality</Filter>
    </ClInclude>
  </ItemGroup>
  <ItemGroup>
    <ClCompile Include="IPrintable.cpp">
      <Filter>Source Files\CommonFunctionality</Filter>
    </ClCompile>
    <ClCompile Include="Utilities.cpp">
      <Filter>Source Files</Filter>
    </ClCompile>
    <ClCompile Include="Operations.cpp">
      <Filter>Source Files\Operation</Filter>
    </ClCompile>
    <ClCompile Include="Add.cpp">
      <Filter>Source Files\Operation\Operators</Filter>
    </ClCompile>
    <ClCompile Include="Divide.cpp">
      <Filter>Source Files\Operation\Operators</Filter>
    </ClCompile>
    <ClCompile Include="Subtract.cpp">
      <Filter>Source Files\Operation\Operators</Filter>
    </ClCompile>
    <ClCompile Include="Multiply.cpp">
      <Filter>Source Files\Operation\Operators</Filter>
    </ClCompile>
    <ClCompile Include="Operation.cpp">
      <Filter>Source Files\Operation</Filter>
    </ClCompile>
    <ClCompile Include="Negate.cpp">
      <Filter>Source Files\Operation\Operators</Filter>
    </ClCompile>
    <ClCompile Include="Pow.cpp">
      <Filter>Source Files\Operation\Functions</Filter>
    </ClCompile>
    <ClCompile Include="Sin.cpp">
      <Filter>Source Files\Operation\Functions</Filter>
    </ClCompile>
    <ClCompile Include="Cos.cpp">
      <Filter>Source Files\Operation\Functions</Filter>
    </ClCompile>
    <ClCompile Include="Tan.cpp">
      <Filter>Source Files\Operation\Functions</Filter>
    </ClCompile>
    <ClCompile Include="Sqrt.cpp">
      <Filter>Source Files\Operation\Functions</Filter>
    </ClCompile>
    <ClCompile Include="Abs.cpp">
      <Filter>Source Files\Operation\Functions</Filter>
    </ClCompile>
    <ClCompile Include="Ln.cpp">
      <Filter>Source Files\Operation\Functions</Filter>
    </ClCompile>
    <ClCompile Include="Log.cpp">
      <Filter>Source Files\Operation\Functions</Filter>
    </ClCompile>
    <ClCompile Include="Log10.cpp">
      <Filter>Source Files\Operation\Functions</Filter>
    </ClCompile>
    <ClCompile Include="Log2.cpp">
      <Filter>Source Files\Operation\Functions</Filter>
    </ClCompile>
    <ClCompile Include="Parser.cpp">
      <Filter>Source Files</Filter>
    </ClCompile>
    <ClCompile Include="Expression.cpp">
      <Filter>Source Files\Expression</Filter>
    </ClCompile>
    <ClCompile Include="MathRuntimeEvaluator.cpp">
      <Filter>Source Files\ExposedFunctionality</Filter>
    </ClCompile>
    <ClCompile Include="MathRuntimeEvaluatorException.cpp">
      <Filter>Source Files\ExposedFunctionality</Filter>
    </ClCompile>
    <ClCompile Include="WorkingMemory.cpp">
      <Filter>Source Files\ExposedFunctionality</Filter>
    </ClCompile>
  </ItemGroup>
</Project>